// !$*UTF8*$!
{
	archiveVersion = 1;
	classes = {
	};
	objectVersion = 46;
	objects = {

/* Begin PBXBuildFile section */
		EE4D66081B97FA0D00BFED83 /* AppDelegate.swift in Sources */ = {isa = PBXBuildFile; fileRef = EE4D66071B97FA0D00BFED83 /* AppDelegate.swift */; };
		EE4D660A1B97FA0D00BFED83 /* ViewController.swift in Sources */ = {isa = PBXBuildFile; fileRef = EE4D66091B97FA0D00BFED83 /* ViewController.swift */; };
		EE4D660D1B97FA0D00BFED83 /* Main.storyboard in Resources */ = {isa = PBXBuildFile; fileRef = EE4D660B1B97FA0D00BFED83 /* Main.storyboard */; };
		EE4D660F1B97FA0D00BFED83 /* Images.xcassets in Resources */ = {isa = PBXBuildFile; fileRef = EE4D660E1B97FA0D00BFED83 /* Images.xcassets */; };
		EE4D66121B97FA0D00BFED83 /* LaunchScreen.xib in Resources */ = {isa = PBXBuildFile; fileRef = EE4D66101B97FA0D00BFED83 /* LaunchScreen.xib */; };
		EE4D661E1B97FA0D00BFED83 /* helloTests.swift in Sources */ = {isa = PBXBuildFile; fileRef = EE4D661D1B97FA0D00BFED83 /* helloTests.swift */; };
/* End PBXBuildFile section */

/* Begin PBXContainerItemProxy section */
		EE4D66181B97FA0D00BFED83 /* PBXContainerItemProxy */ = {
			isa = PBXContainerItemProxy;
			containerPortal = EE4D65FA1B97FA0D00BFED83 /* Project object */;
			proxyType = 1;
			remoteGlobalIDString = EE4D66011B97FA0D00BFED83;
			remoteInfo = hello;
		};
/* End PBXContainerItemProxy section */

/* Begin PBXFileReference section */
		EE4D66021B97FA0D00BFED83 /* hello.app */ = {isa = PBXFileReference; explicitFileType = wrapper.application; includeInIndex = 0; path = hello.app; sourceTree = BUILT_PRODUCTS_DIR; };
		EE4D66061B97FA0D00BFED83 /* Info.plist */ = {isa = PBXFileReference; lastKnownFileType = text.plist.xml; path = Info.plist; sourceTree = "<group>"; };
		EE4D66071B97FA0D00BFED83 /* AppDelegate.swift */ = {isa = PBXFileReference; lastKnownFileType = sourcecode.swift; path = AppDelegate.swift; sourceTree = "<group>"; };
		EE4D66091B97FA0D00BFED83 /* ViewController.swift */ = {isa = PBXFileReference; lastKnownFileType = sourcecode.swift; path = ViewController.swift; sourceTree = "<group>"; };
		EE4D660C1B97FA0D00BFED83 /* Base */ = {isa = PBXFileReference; lastKnownFileType = file.storyboard; name = Base; path = Base.lproj/Main.storyboard; sourceTree = "<group>"; };
		EE4D660E1B97FA0D00BFED83 /* Images.xcassets */ = {isa = PBXFileReference; lastKnownFileType = folder.assetcatalog; path = Images.xcassets; sourceTree = "<group>"; };
		EE4D66111B97FA0D00BFED83 /* Base */ = {isa = PBXFileReference; lastKnownFileType = file.xib; name = Base; path = Base.lproj/LaunchScreen.xib; sourceTree = "<group>"; };
		EE4D66171B97FA0D00BFED83 /* helloTests.xctest */ = {isa = PBXFileReference; explicitFileType = wrapper.cfbundle; includeInIndex = 0; path = helloTests.xctest; sourceTree = BUILT_PRODUCTS_DIR; };
		EE4D661C1B97FA0D00BFED83 /* Info.plist */ = {isa = PBXFileReference; lastKnownFileType = text.plist.xml; path = Info.plist; sourceTree = "<group>"; };
		EE4D661D1B97FA0D00BFED83 /* helloTests.swift */ = {isa = PBXFileReference; lastKnownFileType = sourcecode.swift; path = helloTests.swift; sourceTree = "<group>"; };
/* End PBXFileReference section */

/* Begin PBXFrameworksBuildPhase section */
		EE4D65FF1B97FA0D00BFED83 /* Frameworks */ = {
			isa = PBXFrameworksBuildPhase;
			buildActionMask = 2147483647;
			files = (
			);
			runOnlyForDeploymentPostprocessing = 0;
		};
		EE4D66141B97FA0D00BFED83 /* Frameworks */ = {
			isa = PBXFrameworksBuildPhase;
			buildActionMask = 2147483647;
			files = (
			);
			runOnlyForDeploymentPostprocessing = 0;
		};
/* End PBXFrameworksBuildPhase section */

/* Begin PBXGroup section */
		EE4D65F91B97FA0D00BFED83 = {
			isa = PBXGroup;
			children = (
				EE4D66041B97FA0D00BFED83 /* hello */,
				EE4D661A1B97FA0D00BFED83 /* helloTests */,
				EE4D66031B97FA0D00BFED83 /* Products */,
			);
			sourceTree = "<group>";
		};
		EE4D66031B97FA0D00BFED83 /* Products */ = {
			isa = PBXGroup;
			children = (
				EE4D66021B97FA0D00BFED83 /* hello.app */,
				EE4D66171B97FA0D00BFED83 /* helloTests.xctest */,
			);
			name = Products;
			sourceTree = "<group>";
		};
		EE4D66041B97FA0D00BFED83 /* hello */ = {
			isa = PBXGroup;
			children = (
				EE4D66071B97FA0D00BFED83 /* AppDelegate.swift */,
				EE4D66091B97FA0D00BFED83 /* ViewController.swift */,
				EE4D660B1B97FA0D00BFED83 /* Main.storyboard */,
				EE4D660E1B97FA0D00BFED83 /* Images.xcassets */,
				EE4D66101B97FA0D00BFED83 /* LaunchScreen.xib */,
				EE4D66051B97FA0D00BFED83 /* Supporting Files */,
			);
			path = hello;
			sourceTree = "<group>";
		};
		EE4D66051B97FA0D00BFED83 /* Supporting Files */ = {
			isa = PBXGroup;
			children = (
				EE4D66061B97FA0D00BFED83 /* Info.plist */,
			);
			name = "Supporting Files";
			sourceTree = "<group>";
		};
		EE4D661A1B97FA0D00BFED83 /* helloTests */ = {
			isa = PBXGroup;
			children = (
				EE4D661D1B97FA0D00BFED83 /* helloTests.swift */,
				EE4D661B1B97FA0D00BFED83 /* Supporting Files */,
			);
			path = helloTests;
			sourceTree = "<group>";
		};
		EE4D661B1B97FA0D00BFED83 /* Supporting Files */ = {
			isa = PBXGroup;
			children = (
				EE4D661C1B97FA0D00BFED83 /* Info.plist */,
			);
			name = "Supporting Files";
			sourceTree = "<group>";
		};
/* End PBXGroup section */

/* Begin PBXNativeTarget section */
		EE4D66011B97FA0D00BFED83 /* hello */ = {
			isa = PBXNativeTarget;
			buildConfigurationList = EE4D66211B97FA0D00BFED83 /* Build configuration list for PBXNativeTarget "hello" */;
			buildPhases = (
				EE4D65FE1B97FA0D00BFED83 /* Sources */,
				EE4D65FF1B97FA0D00BFED83 /* Frameworks */,
				EE4D66001B97FA0D00BFED83 /* Resources */,
			);
			buildRules = (
			);
			dependencies = (
			);
			name = hello;
			productName = hello;
			productReference = EE4D66021B97FA0D00BFED83 /* hello.app */;
			productType = "com.apple.product-type.application";
		};
		EE4D66161B97FA0D00BFED83 /* helloTests */ = {
			isa = PBXNativeTarget;
			buildConfigurationList = EE4D66241B97FA0D00BFED83 /* Build configuration list for PBXNativeTarget "helloTests" */;
			buildPhases = (
				EE4D66131B97FA0D00BFED83 /* Sources */,
				EE4D66141B97FA0D00BFED83 /* Frameworks */,
				EE4D66151B97FA0D00BFED83 /* Resources */,
			);
			buildRules = (
			);
			dependencies = (
				EE4D66191B97FA0D00BFED83 /* PBXTargetDependency */,
			);
			name = helloTests;
			productName = helloTests;
			productReference = EE4D66171B97FA0D00BFED83 /* helloTests.xctest */;
			productType = "com.apple.product-type.bundle.unit-test";
		};
/* End PBXNativeTarget section */

/* Begin PBXProject section */
		EE4D65FA1B97FA0D00BFED83 /* Project object */ = {
			isa = PBXProject;
			attributes = {
				LastUpgradeCheck = 0630;
				ORGANIZATIONNAME = hok;
				TargetAttributes = {
					EE4D66011B97FA0D00BFED83 = {
						CreatedOnToolsVersion = 6.3.1;
					};
					EE4D66161B97FA0D00BFED83 = {
						CreatedOnToolsVersion = 6.3.1;
						TestTargetID = EE4D66011B97FA0D00BFED83;
					};
				};
			};
			buildConfigurationList = EE4D65FD1B97FA0D00BFED83 /* Build configuration list for PBXProject "hello" */;
			compatibilityVersion = "Xcode 3.2";
			developmentRegion = English;
			hasScannedForEncodings = 0;
			knownRegions = (
				en,
				Base,
			);
			mainGroup = EE4D65F91B97FA0D00BFED83;
			productRefGroup = EE4D66031B97FA0D00BFED83 /* Products */;
			projectDirPath = "";
			projectRoot = "";
			targets = (
				EE4D66011B97FA0D00BFED83 /* hello */,
				EE4D66161B97FA0D00BFED83 /* helloTests */,
			);
		};
/* End PBXProject section */

/* Begin PBXResourcesBuildPhase section */
		EE4D66001B97FA0D00BFED83 /* Resources */ = {
			isa = PBXResourcesBuildPhase;
			buildActionMask = 2147483647;
			files = (
				EE4D660D1B97FA0D00BFED83 /* Main.storyboard in Resources */,
				EE4D66121B97FA0D00BFED83 /* LaunchScreen.xib in Resources */,
				EE4D660F1B97FA0D00BFED83 /* Images.xcassets in Resources */,
			);
			runOnlyForDeploymentPostprocessing = 0;
		};
		EE4D66151B97FA0D00BFED83 /* Resources */ = {
			isa = PBXResourcesBuildPhase;
			buildActionMask = 2147483647;
			files = (
			);
			runOnlyForDeploymentPostprocessing = 0;
		};
/* End PBXResourcesBuildPhase section */

/* Begin PBXSourcesBuildPhase section */
		EE4D65FE1B97FA0D00BFED83 /* Sources */ = {
			isa = PBXSourcesBuildPhase;
			buildActionMask = 2147483647;
			files = (
				EE4D660A1B97FA0D00BFED83 /* ViewController.swift in Sources */,
				EE4D66081B97FA0D00BFED83 /* AppDelegate.swift in Sources */,
			);
			runOnlyForDeploymentPostprocessing = 0;
		};
		EE4D66131B97FA0D00BFED83 /* Sources */ = {
			isa = PBXSourcesBuildPhase;
			buildActionMask = 2147483647;
			files = (
				EE4D661E1B97FA0D00BFED83 /* helloTests.swift in Sources */,
			);
			runOnlyForDeploymentPostprocessing = 0;
		};
/* End PBXSourcesBuildPhase section */

/* Begin PBXTargetDependency section */
		EE4D66191B97FA0D00BFED83 /* PBXTargetDependency */ = {
			isa = PBXTargetDependency;
			target = EE4D66011B97FA0D00BFED83 /* hello */;
			targetProxy = EE4D66181B97FA0D00BFED83 /* PBXContainerItemProxy */;
		};
/* End PBXTargetDependency section */

/* Begin PBXVariantGroup section */
		EE4D660B1B97FA0D00BFED83 /* Main.storyboard */ = {
			isa = PBXVariantGroup;
			children = (
				EE4D660C1B97FA0D00BFED83 /* Base */,
			);
			name = Main.storyboard;
			sourceTree = "<group>";
		};
		EE4D66101B97FA0D00BFED83 /* LaunchScreen.xib */ = {
			isa = PBXVariantGroup;
			children = (
				EE4D66111B97FA0D00BFED83 /* Base */,
			);
			name = LaunchScreen.xib;
			sourceTree = "<group>";
		};
/* End PBXVariantGroup section */

/* Begin XCBuildConfiguration section */
		EE4D661F1B97FA0D00BFED83 /* Debug */ = {
			isa = XCBuildConfiguration;
			buildSettings = {
				ALWAYS_SEARCH_USER_PATHS = NO;
				CLANG_CXX_LANGUAGE_STANDARD = "gnu++0x";
				CLANG_CXX_LIBRARY = "libc++";
				CLANG_ENABLE_MODULES = YES;
				CLANG_ENABLE_OBJC_ARC = YES;
				CLANG_WARN_BOOL_CONVERSION = YES;
				CLANG_WARN_CONSTANT_CONVERSION = YES;
				CLANG_WARN_DIRECT_OBJC_ISA_USAGE = YES_ERROR;
				CLANG_WARN_EMPTY_BODY = YES;
				CLANG_WARN_ENUM_CONVERSION = YES;
				CLANG_WARN_INT_CONVERSION = YES;
				CLANG_WARN_OBJC_ROOT_CLASS = YES_ERROR;
				CLANG_WARN_UNREACHABLE_CODE = YES;
				CLANG_WARN__DUPLICATE_METHOD_MATCH = YES;
				"CODE_SIGN_IDENTITY[sdk=iphoneos*]" = "iPhone Developer";
				COPY_PHASE_STRIP = NO;
				DEBUG_INFORMATION_FORMAT = "dwarf-with-dsym";
				ENABLE_STRICT_OBJC_MSGSEND = YES;
				GCC_C_LANGUAGE_STANDARD = gnu99;
				GCC_DYNAMIC_NO_PIC = NO;
				GCC_NO_COMMON_BLOCKS = YES;
				GCC_OPTIMIZATION_LEVEL = 0;
				GCC_PREPROCESSOR_DEFINITIONS = (
					"DEBUG=1",
					"$(inherited)",
				);
				GCC_SYMBOLS_PRIVATE_EXTERN = NO;
				GCC_WARN_64_TO_32_BIT_CONVERSION = YES;
				GCC_WARN_ABOUT_RETURN_TYPE = YES_ERROR;
				GCC_WARN_UNDECLARED_SELECTOR = YES;
				GCC_WARN_UNINITIALIZED_AUTOS = YES_AGGRESSIVE;
				GCC_WARN_UNUSED_FUNCTION = YES;
				GCC_WARN_UNUSED_VARIABLE = YES;
				IPHONEOS_DEPLOYMENT_TARGET = 8.3;
				MTL_ENABLE_DEBUG_INFO = YES;
				ONLY_ACTIVE_ARCH = YES;
				SDKROOT = iphoneos;
				SWIFT_OPTIMIZATION_LEVEL = "-Onone";
				TARGETED_DEVICE_FAMILY = "1,2";
			};
			name = Debug;
		};
		EE4D66201B97FA0D00BFED83 /* Release */ = {
			isa = XCBuildConfiguration;
			buildSettings = {
				ALWAYS_SEARCH_USER_PATHS = NO;
				CLANG_CXX_LANGUAGE_STANDARD = "gnu++0x";
				CLANG_CXX_LIBRARY = "libc++";
				CLANG_ENABLE_MODULES = YES;
				CLANG_ENABLE_OBJC_ARC = YES;
				CLANG_WARN_BOOL_CONVERSION = YES;
				CLANG_WARN_CONSTANT_CONVERSION = YES;
				CLANG_WARN_DIRECT_OBJC_ISA_USAGE = YES_ERROR;
				CLANG_WARN_EMPTY_BODY = YES;
				CLANG_WARN_ENUM_CONVERSION = YES;
				CLANG_WARN_INT_CONVERSION = YES;
				CLANG_WARN_OBJC_ROOT_CLASS = YES_ERROR;
				CLANG_WARN_UNREACHABLE_CODE = YES;
				CLANG_WARN__DUPLICATE_METHOD_MATCH = YES;
				"CODE_SIGN_IDENTITY[sdk=iphoneos*]" = "iPhone Developer";
				COPY_PHASE_STRIP = NO;
				DEBUG_INFORMATION_FORMAT = "dwarf-with-dsym";
				ENABLE_NS_ASSERTIONS = NO;
				ENABLE_STRICT_OBJC_MSGSEND = YES;
				GCC_C_LANGUAGE_STANDARD = gnu99;
				GCC_NO_COMMON_BLOCKS = YES;
				GCC_WARN_64_TO_32_BIT_CONVERSION = YES;
				GCC_WARN_ABOUT_RETURN_TYPE = YES_ERROR;
				GCC_WARN_UNDECLARED_SELECTOR = YES;
				GCC_WARN_UNINITIALIZED_AUTOS = YES_AGGRESSIVE;
				GCC_WARN_UNUSED_FUNCTION = YES;
				GCC_WARN_UNUSED_VARIABLE = YES;
				IPHONEOS_DEPLOYMENT_TARGET = 8.3;
				MTL_ENABLE_DEBUG_INFO = NO;
				SDKROOT = iphoneos;
				TARGETED_DEVICE_FAMILY = "1,2";
				VALIDATE_PRODUCT = YES;
			};
			name = Release;
		};
		EE4D66221B97FA0D00BFED83 /* Debug */ = {
			isa = XCBuildConfiguration;
			buildSettings = {
				ASSETCATALOG_COMPILER_APPICON_NAME = AppIcon;
				INFOPLIST_FILE = hello/Info.plist;
				LD_RUNPATH_SEARCH_PATHS = "$(inherited) @executable_path/Frameworks";
				PRODUCT_NAME = "$(TARGET_NAME)";
			};
			name = Debug;
		};
		EE4D66231B97FA0D00BFED83 /* Release */ = {
			isa = XCBuildConfiguration;
			buildSettings = {
				ASSETCATALOG_COMPILER_APPICON_NAME = AppIcon;
				INFOPLIST_FILE = hello/Info.plist;
				LD_RUNPATH_SEARCH_PATHS = "$(inherited) @executable_path/Frameworks";
				PRODUCT_NAME = "$(TARGET_NAME)";
			};
			name = Release;
		};
		EE4D66251B97FA0D00BFED83 /* Debug */ = {
			isa = XCBuildConfiguration;
			buildSettings = {
				BUNDLE_LOADER = "$(TEST_HOST)";
				FRAMEWORK_SEARCH_PATHS = (
					"$(SDKROOT)/Developer/Library/Frameworks",
					"$(inherited)",
				);
				GCC_PREPROCESSOR_DEFINITIONS = (
					"DEBUG=1",
					"$(inherited)",
				);
				INFOPLIST_FILE = helloTests/Info.plist;
				LD_RUNPATH_SEARCH_PATHS = "$(inherited) @executable_path/Frameworks @loader_path/Frameworks";
				PRODUCT_NAME = "$(TARGET_NAME)";
				TEST_HOST = "$(BUILT_PRODUCTS_DIR)/hello.app/hello";
			};
			name = Debug;
		};
		EE4D66261B97FA0D00BFED83 /* Release */ = {
			isa = XCBuildConfiguration;
			buildSettings = {
				BUNDLE_LOADER = "$(TEST_HOST)";
				FRAMEWORK_SEARCH_PATHS = (
					"$(SDKROOT)/Developer/Library/Frameworks",
					"$(inherited)",
				);
				INFOPLIST_FILE = helloTests/Info.plist;
				LD_RUNPATH_SEARCH_PATHS = "$(inherited) @executable_path/Frameworks @loader_path/Frameworks";
				PRODUCT_NAME = "$(TARGET_NAME)";
				TEST_HOST = "$(BUILT_PRODUCTS_DIR)/hello.app/hello";
			};
			name = Release;
		};
/* End XCBuildConfiguration section */

/* Begin XCConfigurationList section */
		EE4D65FD1B97FA0D00BFED83 /* Build configuration list for PBXProject "hello" */ = {
			isa = XCConfigurationList;
			buildConfigurations = (
				EE4D661F1B97FA0D00BFED83 /* Debug */,
				EE4D66201B97FA0D00BFED83 /* Release */,
			);
			defaultConfigurationIsVisible = 0;
			defaultConfigurationName = Release;
		};
		EE4D66211B97FA0D00BFED83 /* Build configuration list for PBXNativeTarget "hello" */ = {
			isa = XCConfigurationList;
			buildConfigurations = (
				EE4D66221B97FA0D00BFED83 /* Debug */,
				EE4D66231B97FA0D00BFED83 /* Release */,
			);
			defaultConfigurationIsVisible = 0;
		};
		EE4D66241B97FA0D00BFED83 /* Build configuration list for PBXNativeTarget "helloTests" */ = {
			isa = XCConfigurationList;
			buildConfigurations = (
				EE4D66251B97FA0D00BFED83 /* Debug */,
				EE4D66261B97FA0D00BFED83 /* Release */,
			);
			defaultConfigurationIsVisible = 0;
		};
/* End XCConfigurationList section */
	};
	rootObject = EE4D65FA1B97FA0D00BFED83 /* Project object */;
}
